
Microsoft Visual Studio Solution File, Format Version 12.00
# Visual Studio Version 17
VisualStudioVersion = 17.12.35424.110 d17.12
MinimumVisualStudioVersion = 10.0.40219.1
Project("{FAE04EC0-301F-11D3-BF4B-00C04F79EFBC}") = "SymbolicSequenceTransformer", "SymbolicSequenceTransformer\SymbolicSequenceTransformer.csproj", "{B8E025D0-6D81-49F4-96EF-61C52E05B9E7}"
EndProject
Project("{FAE04EC0-301F-11D3-BF4B-00C04F79EFBC}") = "TestProject", "TestProject\TestProject.csproj", "{3C5DB4A0-BBFC-4EB9-B6B5-FE640194C9A0}"
EndProject
Global
	GlobalSection(SolutionConfigurationPlatforms) = preSolution
		Debug|Any CPU = Debug|Any CPU
		Release|Any CPU = Release|Any CPU
	EndGlobalSection
	GlobalSection(ProjectConfigurationPlatforms) = postSolution
		{B8E025D0-6D81-49F4-96EF-61C52E05B9E7}.Debug|Any CPU.ActiveCfg = Debug|Any CPU
		{B8E025D0-6D81-49F4-96EF-61C52E05B9E7}.Debug|Any CPU.Build.0 = Debug|Any CPU
		{B8E025D0-6D81-49F4-96EF-61C52E05B9E7}.Release|Any CPU.ActiveCfg = Release|Any CPU
		{B8E025D0-6D81-49F4-96EF-61C52E05B9E7}.Release|Any CPU.Build.0 = Release|Any CPU
		{3C5DB4A0-BBFC-4EB9-B6B5-FE640194C9A0}.Debug|Any CPU.ActiveCfg = Debug|Any CPU
		{3C5DB4A0-BBFC-4EB9-B6B5-FE640194C9A0}.Debug|Any CPU.Build.0 = Debug|Any CPU
		{3C5DB4A0-BBFC-4EB9-B6B5-FE640194C9A0}.Release|Any CPU.ActiveCfg = Release|Any CPU
		{3C5DB4A0-BBFC-4EB9-B6B5-FE640194C9A0}.Release|Any CPU.Build.0 = Release|Any CPU
	EndGlobalSection
	GlobalSection(SolutionProperties) = preSolution
		HideSolutionNode = FALSE
	EndGlobalSection
EndGlobal
